
Microsoft Visual Studio Solution File, Format Version 12.00
# Visual Studio Version 17
VisualStudioVersion = 17.5.002.0
MinimumVisualStudioVersion = 10.0.40219.1
Project("{9A19103F-16F7-4668-BE54-9A1E7A4F7556}") = "OcelotGateway", "OcelotGateway\OcelotGateway.csproj", "{89F6B75B-62AD-43EA-A687-4B566312921C}"
EndProject
Global
	GlobalSection(SolutionConfigurationPlatforms) = preSolution
		Debug|Any CPU = Debug|Any CPU
		Release|Any CPU = Release|Any CPU
	EndGlobalSection
	GlobalSection(ProjectConfigurationPlatforms) = postSolution
		{89F6B75B-62AD-43EA-A687-4B566312921C}.Debug|Any CPU.ActiveCfg = Debug|Any CPU
		{89F6B75B-62AD-43EA-A687-4B566312921C}.Debug|Any CPU.Build.0 = Debug|Any CPU
		{89F6B75B-62AD-43EA-A687-4B566312921C}.Release|Any CPU.ActiveCfg = Release|Any CPU
		{89F6B75B-62AD-43EA-A687-4B566312921C}.Release|Any CPU.Build.0 = Release|Any CPU
	EndGlobalSection
	GlobalSection(SolutionProperties) = preSolution
		HideSolutionNode = FALSE
	EndGlobalSection
	GlobalSection(ExtensibilityGlobals) = postSolution
		SolutionGuid = {52C2FE51-977A-4759-BCA4-AF2E67B60127}
	EndGlobalSection
EndGlobal
